
Microsoft Visual Studio Solution File, Format Version 12.00
# Visual Studio Version 17
VisualStudioVersion = 17.10.34916.146
MinimumVisualStudioVersion = 10.0.40219.1
Project("{2150E333-8FDC-42A3-9474-1A3956D46DE8}") = "Services", "Services", "{5D29016A-8C17-4156-B7A2-9352B595B954}"
EndProject
Project("{2150E333-8FDC-42A3-9474-1A3956D46DE8}") = "Catalog", "Catalog", "{501180B1-32ED-4A12-9496-5E8D4B247311}"
EndProject
Project("{9A19103F-16F7-4668-BE54-9A1E7A4F7556}") = "Catalog.API", "Services\Catalog\Catalog.API\Catalog.API.csproj", "{CBBE9CAA-62A7-418A-B288-50C1325FAD2D}"
EndProject
Project("{2150E333-8FDC-42A3-9474-1A3956D46DE8}") = "BuildingBlocks", "BuildingBlocks", "{1BB04F22-653C-4A86-981A-DAAA14325FD3}"
EndProject
Project("{9A19103F-16F7-4668-BE54-9A1E7A4F7556}") = "BuildingBlocks", "BuildingBlocks\BuildingBlocks\BuildingBlocks.csproj", "{23115A8B-1B32-4C24-B695-55F9C28EE342}"
EndProject
Project("{E53339B2-1760-4266-BCC7-CA923CBCF16C}") = "docker-compose", "docker-compose.dcproj", "{E22E100D-38FC-4166-912D-5EBED43117E9}"
EndProject
Project("{2150E333-8FDC-42A3-9474-1A3956D46DE8}") = "Basket", "Basket", "{B3975068-57B2-40C8-9FA0-4AD72A904505}"
EndProject
Project("{FAE04EC0-301F-11D3-BF4B-00C04F79EFBC}") = "Basket.API", "Services\Basket\Basket.API\Basket.API.csproj", "{677374B4-C151-40EC-A039-11E271C575E9}"
EndProject
Global
	GlobalSection(SolutionConfigurationPlatforms) = preSolution
		Debug|Any CPU = Debug|Any CPU
		Release|Any CPU = Release|Any CPU
	EndGlobalSection
	GlobalSection(ProjectConfigurationPlatforms) = postSolution
		{CBBE9CAA-62A7-418A-B288-50C1325FAD2D}.Debug|Any CPU.ActiveCfg = Debug|Any CPU
		{CBBE9CAA-62A7-418A-B288-50C1325FAD2D}.Debug|Any CPU.Build.0 = Debug|Any CPU
		{CBBE9CAA-62A7-418A-B288-50C1325FAD2D}.Release|Any CPU.ActiveCfg = Release|Any CPU
		{CBBE9CAA-62A7-418A-B288-50C1325FAD2D}.Release|Any CPU.Build.0 = Release|Any CPU
		{23115A8B-1B32-4C24-B695-55F9C28EE342}.Debug|Any CPU.ActiveCfg = Debug|Any CPU
		{23115A8B-1B32-4C24-B695-55F9C28EE342}.Debug|Any CPU.Build.0 = Debug|Any CPU
		{23115A8B-1B32-4C24-B695-55F9C28EE342}.Release|Any CPU.ActiveCfg = Release|Any CPU
		{23115A8B-1B32-4C24-B695-55F9C28EE342}.Release|Any CPU.Build.0 = Release|Any CPU
		{E22E100D-38FC-4166-912D-5EBED43117E9}.Debug|Any CPU.ActiveCfg = Debug|Any CPU
		{E22E100D-38FC-4166-912D-5EBED43117E9}.Debug|Any CPU.Build.0 = Debug|Any CPU
		{E22E100D-38FC-4166-912D-5EBED43117E9}.Release|Any CPU.ActiveCfg = Release|Any CPU
		{E22E100D-38FC-4166-912D-5EBED43117E9}.Release|Any CPU.Build.0 = Release|Any CPU
		{677374B4-C151-40EC-A039-11E271C575E9}.Debug|Any CPU.ActiveCfg = Debug|Any CPU
		{677374B4-C151-40EC-A039-11E271C575E9}.Debug|Any CPU.Build.0 = Debug|Any CPU
		{677374B4-C151-40EC-A039-11E271C575E9}.Release|Any CPU.ActiveCfg = Release|Any CPU
		{677374B4-C151-40EC-A039-11E271C575E9}.Release|Any CPU.Build.0 = Release|Any CPU
	EndGlobalSection
	GlobalSection(SolutionProperties) = preSolution
		HideSolutionNode = FALSE
	EndGlobalSection
	GlobalSection(NestedProjects) = preSolution
		{501180B1-32ED-4A12-9496-5E8D4B247311} = {5D29016A-8C17-4156-B7A2-9352B595B954}
		{CBBE9CAA-62A7-418A-B288-50C1325FAD2D} = {501180B1-32ED-4A12-9496-5E8D4B247311}
		{23115A8B-1B32-4C24-B695-55F9C28EE342} = {1BB04F22-653C-4A86-981A-DAAA14325FD3}
		{B3975068-57B2-40C8-9FA0-4AD72A904505} = {5D29016A-8C17-4156-B7A2-9352B595B954}
		{677374B4-C151-40EC-A039-11E271C575E9} = {B3975068-57B2-40C8-9FA0-4AD72A904505}
	EndGlobalSection
	GlobalSection(ExtensibilityGlobals) = postSolution
		SolutionGuid = {DEBBBEFC-9C4C-48BE-8BB2-FE674669E598}
	EndGlobalSection
EndGlobal
